<Solution>
  <Project Path="../personalExpensesTracker.Application/personalExpensesTracker.Application.csproj" Id="e0d34b54-c911-44f3-8b27-d8d384383eff" />
  <Project Path="../personalExpensesTracker.Domain/personalExpensesTracker.Domain.csproj" Id="2a391dff-6897-4be0-8b59-ca8bd8fbbf94" />
  <Project Path="../personalExpensesTracker.Infrastructure/personalExpensesTracker.Infrastructure.csproj" Id="386612c0-c92b-4d6d-af15-c8db7cea7fcd" />
  <Project Path="personalExpensesTracker.Api.csproj" />
</Solution>
