<Solution>
  <Project Path="../personalExpensesTracker.Infrastructure/personalExpensesTracker.Data.csproj" />
  <Project Path="../personalExpensesTracker.Models/personalExpensesTracker.Models.csproj" />
  <Project Path="../personalExpensesTracker.Repositories/personalExpensesTracker.Repositories.csproj" />
  <Project Path="../personalExpensesTracker.Services/personalExpensesTracker.Services.csproj" />
  <Project Path="personalExpensesTracker.Api.csproj" />
</Solution>
